
Microsoft Visual Studio Solution File, Format Version 12.00
# Visual Studio Version 17
VisualStudioVersion = 17.5.33424.131
MinimumVisualStudioVersion = 10.0.40219.1
Project("{FAE04EC0-301F-11D3-BF4B-00C04F79EFBC}") = "CustomerSurvey", "CustomerSurvey.csproj", "{8F9A4FDF-61FF-436B-AD00-B694630FA995}"
EndProject
Global
	GlobalSection(SolutionConfigurationPlatforms) = preSolution
		Debug|Any CPU = Debug|Any CPU
		Release|Any CPU = Release|Any CPU
	EndGlobalSection
	GlobalSection(ProjectConfigurationPlatforms) = postSolution
		{8F9A4FDF-61FF-436B-AD00-B694630FA995}.Debug|Any CPU.ActiveCfg = Debug|Any CPU
		{8F9A4FDF-61FF-436B-AD00-B694630FA995}.Debug|Any CPU.Build.0 = Debug|Any CPU
		{8F9A4FDF-61FF-436B-AD00-B694630FA995}.Release|Any CPU.ActiveCfg = Release|Any CPU
		{8F9A4FDF-61FF-436B-AD00-B694630FA995}.Release|Any CPU.Build.0 = Release|Any CPU
	EndGlobalSection
	GlobalSection(SolutionProperties) = preSolution
		HideSolutionNode = FALSE
	EndGlobalSection
	GlobalSection(ExtensibilityGlobals) = postSolution
		SolutionGuid = {780896B5-8BC1-4CDC-898B-3ED80B8943D8}
	EndGlobalSection
EndGlobal
